
Microsoft Visual Studio Solution File, Format Version 12.00
# Visual Studio Version 17
VisualStudioVersion = 17.8.34330.188
MinimumVisualStudioVersion = 10.0.40219.1
Project("{FAE04EC0-301F-11D3-BF4B-00C04F79EFBC}") = "Warehouse", "Warehouse.csproj", "{B5FA46BA-C110-43CD-BA48-3B8A5C202E8D}"
EndProject
Global
	GlobalSection(SolutionConfigurationPlatforms) = preSolution
		Debug|Any CPU = Debug|Any CPU
		Release|Any CPU = Release|Any CPU
	EndGlobalSection
	GlobalSection(ProjectConfigurationPlatforms) = postSolution
		{B5FA46BA-C110-43CD-BA48-3B8A5C202E8D}.Debug|Any CPU.ActiveCfg = Debug|Any CPU
		{B5FA46BA-C110-43CD-BA48-3B8A5C202E8D}.Debug|Any CPU.Build.0 = Debug|Any CPU
		{B5FA46BA-C110-43CD-BA48-3B8A5C202E8D}.Release|Any CPU.ActiveCfg = Release|Any CPU
		{B5FA46BA-C110-43CD-BA48-3B8A5C202E8D}.Release|Any CPU.Build.0 = Release|Any CPU
	EndGlobalSection
	GlobalSection(SolutionProperties) = preSolution
		HideSolutionNode = FALSE
	EndGlobalSection
	GlobalSection(ExtensibilityGlobals) = postSolution
		SolutionGuid = {F30A9960-00C7-454D-8F91-124D57A4E1D0}
	EndGlobalSection
EndGlobal
